
Microsoft Visual Studio Solution File, Format Version 12.00
# Visual Studio 15
VisualStudioVersion = 15.0.28010.2026
MinimumVisualStudioVersion = 10.0.40219.1
Project("{FAE04EC0-301F-11D3-BF4B-00C04F79EFBC}") = "Sinbadsoft.Lib.Collections.Tests", "Sinbadsoft.Lib.Collections.Tests\Sinbadsoft.Lib.Collections.Tests.csproj", "{581A478B-9DFB-4A0F-AF3B-306E57BA8976}"
EndProject
Project("{2150E333-8FDC-42A3-9474-1A3956D46DE8}") = "Tests", "Tests", "{97CD2703-8A53-4041-9F92-F06CD24660B2}"
EndProject
Project("{FAE04EC0-301F-11D3-BF4B-00C04F79EFBC}") = "Sinbadsoft.Lib.Collections", "Sinbadsoft.Lib.Collections\Sinbadsoft.Lib.Collections.csproj", "{8E9DF4C8-B57E-416E-B7E8-A2CFDB246A97}"
EndProject
Global
	GlobalSection(SolutionConfigurationPlatforms) = preSolution
		Debug|Any CPU = Debug|Any CPU
		Release|Any CPU = Release|Any CPU
	EndGlobalSection
	GlobalSection(ProjectConfigurationPlatforms) = postSolution
		{581A478B-9DFB-4A0F-AF3B-306E57BA8976}.Debug|Any CPU.ActiveCfg = Debug|Any CPU
		{581A478B-9DFB-4A0F-AF3B-306E57BA8976}.Debug|Any CPU.Build.0 = Debug|Any CPU
		{581A478B-9DFB-4A0F-AF3B-306E57BA8976}.Release|Any CPU.ActiveCfg = Release|Any CPU
		{581A478B-9DFB-4A0F-AF3B-306E57BA8976}.Release|Any CPU.Build.0 = Release|Any CPU
		{8E9DF4C8-B57E-416E-B7E8-A2CFDB246A97}.Debug|Any CPU.ActiveCfg = Debug|Any CPU
		{8E9DF4C8-B57E-416E-B7E8-A2CFDB246A97}.Debug|Any CPU.Build.0 = Debug|Any CPU
		{8E9DF4C8-B57E-416E-B7E8-A2CFDB246A97}.Release|Any CPU.ActiveCfg = Release|Any CPU
		{8E9DF4C8-B57E-416E-B7E8-A2CFDB246A97}.Release|Any CPU.Build.0 = Release|Any CPU
	EndGlobalSection
	GlobalSection(SolutionProperties) = preSolution
		HideSolutionNode = FALSE
	EndGlobalSection
	GlobalSection(NestedProjects) = preSolution
		{581A478B-9DFB-4A0F-AF3B-306E57BA8976} = {97CD2703-8A53-4041-9F92-F06CD24660B2}
	EndGlobalSection
	GlobalSection(ExtensibilityGlobals) = postSolution
		SolutionGuid = {5EA37978-6F41-40FB-B48C-3C590E8571E0}
	EndGlobalSection
EndGlobal
